
Microsoft Visual Studio Solution File, Format Version 12.00
# Visual Studio Version 17
VisualStudioVersion = 17.3.32929.385
MinimumVisualStudioVersion = 10.0.40219.1
Project("{FAE04EC0-301F-11D3-BF4B-00C04F79EFBC}") = "JwtWebApiTutorial", "JwtWebApiTutorial\JwtWebApiTutorial.csproj", "{F74C1BE9-A279-4A72-B61F-42AD1F0A435F}"
EndProject
Global
	GlobalSection(SolutionConfigurationPlatforms) = preSolution
		Debug|Any CPU = Debug|Any CPU
		Release|Any CPU = Release|Any CPU
	EndGlobalSection
	GlobalSection(ProjectConfigurationPlatforms) = postSolution
		{F74C1BE9-A279-4A72-B61F-42AD1F0A435F}.Debug|Any CPU.ActiveCfg = Debug|Any CPU
		{F74C1BE9-A279-4A72-B61F-42AD1F0A435F}.Debug|Any CPU.Build.0 = Debug|Any CPU
		{F74C1BE9-A279-4A72-B61F-42AD1F0A435F}.Release|Any CPU.ActiveCfg = Release|Any CPU
		{F74C1BE9-A279-4A72-B61F-42AD1F0A435F}.Release|Any CPU.Build.0 = Release|Any CPU
	EndGlobalSection
	GlobalSection(SolutionProperties) = preSolution
		HideSolutionNode = FALSE
	EndGlobalSection
	GlobalSection(ExtensibilityGlobals) = postSolution
		SolutionGuid = {1CB84DCA-AF4E-420F-9C71-7DC87E921341}
	EndGlobalSection
EndGlobal
